
Microsoft Visual Studio Solution File, Format Version 12.00
# Visual Studio Version 16
VisualStudioVersion = 16.0.32930.78
MinimumVisualStudioVersion = 10.0.40219.1
Project("{2150E333-8FDC-42A3-9474-1A3956D46DE8}") = "Services", "Services", "{2AEE3B68-1607-487B-AF59-38129A5D1E35}"
EndProject
Project("{2150E333-8FDC-42A3-9474-1A3956D46DE8}") = "Catalog", "Catalog", "{988E0F33-FB06-4FB1-A269-8AF7D73ADA22}"
EndProject
Project("{FAE04EC0-301F-11D3-BF4B-00C04F79EFBC}") = "Catalog.API", "Services\Catalog\Catalog.API\Catalog.API.csproj", "{0540DF30-6740-4382-8D75-F2E9561AC4F6}"
EndProject
Global
	GlobalSection(SolutionConfigurationPlatforms) = preSolution
		Debug|Any CPU = Debug|Any CPU
		Release|Any CPU = Release|Any CPU
	EndGlobalSection
	GlobalSection(ProjectConfigurationPlatforms) = postSolution
		{0540DF30-6740-4382-8D75-F2E9561AC4F6}.Debug|Any CPU.ActiveCfg = Debug|Any CPU
		{0540DF30-6740-4382-8D75-F2E9561AC4F6}.Debug|Any CPU.Build.0 = Debug|Any CPU
		{0540DF30-6740-4382-8D75-F2E9561AC4F6}.Release|Any CPU.ActiveCfg = Release|Any CPU
		{0540DF30-6740-4382-8D75-F2E9561AC4F6}.Release|Any CPU.Build.0 = Release|Any CPU
	EndGlobalSection
	GlobalSection(SolutionProperties) = preSolution
		HideSolutionNode = FALSE
	EndGlobalSection
	GlobalSection(NestedProjects) = preSolution
		{988E0F33-FB06-4FB1-A269-8AF7D73ADA22} = {2AEE3B68-1607-487B-AF59-38129A5D1E35}
		{0540DF30-6740-4382-8D75-F2E9561AC4F6} = {988E0F33-FB06-4FB1-A269-8AF7D73ADA22}
	EndGlobalSection
	GlobalSection(ExtensibilityGlobals) = postSolution
		SolutionGuid = {DFDA013E-A645-4C19-AD89-4E739B4D754A}
	EndGlobalSection
EndGlobal
